
Microsoft Visual Studio Solution File, Format Version 12.00
# Visual Studio 15
VisualStudioVersion = 15.0.28010.2036
MinimumVisualStudioVersion = 10.0.40219.1
Project("{FAE04EC0-301F-11D3-BF4B-00C04F79EFBC}") = "Analisador-Lexico", "Analisador-Lexico\Analisador-Lexico.csproj", "{2639D490-3A57-456E-908A-37ACD4742C33}"
EndProject
Global
	GlobalSection(SolutionConfigurationPlatforms) = preSolution
		Debug|Any CPU = Debug|Any CPU
		Release|Any CPU = Release|Any CPU
	EndGlobalSection
	GlobalSection(ProjectConfigurationPlatforms) = postSolution
		{2639D490-3A57-456E-908A-37ACD4742C33}.Debug|Any CPU.ActiveCfg = Debug|Any CPU
		{2639D490-3A57-456E-908A-37ACD4742C33}.Debug|Any CPU.Build.0 = Debug|Any CPU
		{2639D490-3A57-456E-908A-37ACD4742C33}.Release|Any CPU.ActiveCfg = Release|Any CPU
		{2639D490-3A57-456E-908A-37ACD4742C33}.Release|Any CPU.Build.0 = Release|Any CPU
	EndGlobalSection
	GlobalSection(SolutionProperties) = preSolution
		HideSolutionNode = FALSE
	EndGlobalSection
	GlobalSection(ExtensibilityGlobals) = postSolution
		SolutionGuid = {B1E7A6FC-9C88-4733-8208-44C439CCAAE8}
	EndGlobalSection
EndGlobal
